// !$*UTF8*$!
{
	archiveVersion = 1;
	classes = {
	};
	objectVersion = 46;
	objects = {

/* Begin PBXBuildFile section */
		347188451D2B940100ED4435 /* AppDelegate.swift in Sources */ = {isa = PBXBuildFile; fileRef = 347188441D2B940100ED4435 /* AppDelegate.swift */; };
		3471884C1D2B940200ED4435 /* Assets.xcassets in Resources */ = {isa = PBXBuildFile; fileRef = 3471884B1D2B940200ED4435 /* Assets.xcassets */; };
		3471885C1D2B979900ED4435 /* LaunchScreen.storyboard in Resources */ = {isa = PBXBuildFile; fileRef = 3471885A1D2B979900ED4435 /* LaunchScreen.storyboard */; };
		3471885D1D2B979900ED4435 /* Main.storyboard in Resources */ = {isa = PBXBuildFile; fileRef = 3471885B1D2B979900ED4435 /* Main.storyboard */; };
		3471885F1D2B97D400ED4435 /* ConnectionAPI.swift in Sources */ = {isa = PBXBuildFile; fileRef = 3471885E1D2B97D400ED4435 /* ConnectionAPI.swift */; };
		347188611D2B990F00ED4435 /* ConnectionBO.swift in Sources */ = {isa = PBXBuildFile; fileRef = 347188601D2B990F00ED4435 /* ConnectionBO.swift */; };
		347188641D2B99C800ED4435 /* Constants.swift in Sources */ = {isa = PBXBuildFile; fileRef = 347188631D2B99C800ED4435 /* Constants.swift */; };
/* End PBXBuildFile section */

/* Begin PBXFileReference section */
		347188411D2B940100ED4435 /* iApp Store.app */ = {isa = PBXFileReference; explicitFileType = wrapper.application; includeInIndex = 0; path = "iApp Store.app"; sourceTree = BUILT_PRODUCTS_DIR; };
		347188441D2B940100ED4435 /* AppDelegate.swift */ = {isa = PBXFileReference; lastKnownFileType = sourcecode.swift; path = AppDelegate.swift; sourceTree = "<group>"; };
		3471884B1D2B940200ED4435 /* Assets.xcassets */ = {isa = PBXFileReference; lastKnownFileType = folder.assetcatalog; path = Assets.xcassets; sourceTree = "<group>"; };
		347188501D2B940200ED4435 /* Info.plist */ = {isa = PBXFileReference; lastKnownFileType = text.plist.xml; path = Info.plist; sourceTree = "<group>"; };
		3471885A1D2B979900ED4435 /* LaunchScreen.storyboard */ = {isa = PBXFileReference; fileEncoding = 4; lastKnownFileType = file.storyboard; path = LaunchScreen.storyboard; sourceTree = "<group>"; };
		3471885B1D2B979900ED4435 /* Main.storyboard */ = {isa = PBXFileReference; fileEncoding = 4; lastKnownFileType = file.storyboard; path = Main.storyboard; sourceTree = "<group>"; };
		3471885E1D2B97D400ED4435 /* ConnectionAPI.swift */ = {isa = PBXFileReference; fileEncoding = 4; lastKnownFileType = sourcecode.swift; path = ConnectionAPI.swift; sourceTree = "<group>"; };
		347188601D2B990F00ED4435 /* ConnectionBO.swift */ = {isa = PBXFileReference; fileEncoding = 4; lastKnownFileType = sourcecode.swift; path = ConnectionBO.swift; sourceTree = "<group>"; };
		347188631D2B99C800ED4435 /* Constants.swift */ = {isa = PBXFileReference; fileEncoding = 4; lastKnownFileType = sourcecode.swift; path = Constants.swift; sourceTree = "<group>"; };
/* End PBXFileReference section */

/* Begin PBXFrameworksBuildPhase section */
		3471883E1D2B940100ED4435 /* Frameworks */ = {
			isa = PBXFrameworksBuildPhase;
			buildActionMask = 2147483647;
			files = (
			);
			runOnlyForDeploymentPostprocessing = 0;
		};
/* End PBXFrameworksBuildPhase section */

/* Begin PBXGroup section */
		347188381D2B940100ED4435 = {
			isa = PBXGroup;
			children = (
				347188431D2B940100ED4435 /* iApp Store */,
				347188421D2B940100ED4435 /* Products */,
			);
			sourceTree = "<group>";
		};
		347188421D2B940100ED4435 /* Products */ = {
			isa = PBXGroup;
			children = (
				347188411D2B940100ED4435 /* iApp Store.app */,
			);
			name = Products;
			sourceTree = "<group>";
		};
		347188431D2B940100ED4435 /* iApp Store */ = {
			isa = PBXGroup;
			children = (
				347188441D2B940100ED4435 /* AppDelegate.swift */,
				347188591D2B979900ED4435 /* Resources */,
				347188561D2B976300ED4435 /* Client */,
				347188571D2B976E00ED4435 /* Server */,
				3471884B1D2B940200ED4435 /* Assets.xcassets */,
				347188501D2B940200ED4435 /* Info.plist */,
			);
			path = "iApp Store";
			sourceTree = "<group>";
		};
		347188561D2B976300ED4435 /* Client */ = {
			isa = PBXGroup;
			children = (
			);
			path = Client;
			sourceTree = "<group>";
		};
		347188571D2B976E00ED4435 /* Server */ = {
			isa = PBXGroup;
			children = (
				347188621D2B99BE00ED4435 /* Utils */,
				347188581D2B976E00ED4435 /* Connection */,
			);
			path = Server;
			sourceTree = "<group>";
		};
		347188581D2B976E00ED4435 /* Connection */ = {
			isa = PBXGroup;
			children = (
				3471885E1D2B97D400ED4435 /* ConnectionAPI.swift */,
				347188601D2B990F00ED4435 /* ConnectionBO.swift */,
			);
			path = Connection;
			sourceTree = "<group>";
		};
		347188591D2B979900ED4435 /* Resources */ = {
			isa = PBXGroup;
			children = (
				3471885A1D2B979900ED4435 /* LaunchScreen.storyboard */,
				3471885B1D2B979900ED4435 /* Main.storyboard */,
			);
			name = Resources;
			path = Base.lproj/Resources;
			sourceTree = "<group>";
		};
		347188621D2B99BE00ED4435 /* Utils */ = {
			isa = PBXGroup;
			children = (
				347188631D2B99C800ED4435 /* Constants.swift */,
			);
			path = Utils;
			sourceTree = "<group>";
		};
/* End PBXGroup section */

/* Begin PBXNativeTarget section */
		347188401D2B940100ED4435 /* iApp Store */ = {
			isa = PBXNativeTarget;
			buildConfigurationList = 347188531D2B940200ED4435 /* Build configuration list for PBXNativeTarget "iApp Store" */;
			buildPhases = (
				3471883D1D2B940100ED4435 /* Sources */,
				3471883E1D2B940100ED4435 /* Frameworks */,
				3471883F1D2B940100ED4435 /* Resources */,
			);
			buildRules = (
			);
			dependencies = (
			);
			name = "iApp Store";
			productName = "iApp Store";
			productReference = 347188411D2B940100ED4435 /* iApp Store.app */;
			productType = "com.apple.product-type.application";
		};
/* End PBXNativeTarget section */

/* Begin PBXProject section */
		347188391D2B940100ED4435 /* Project object */ = {
			isa = PBXProject;
			attributes = {
				LastSwiftUpdateCheck = 0730;
				LastUpgradeCheck = 0730;
				ORGANIZATIONNAME = Grability;
				TargetAttributes = {
					347188401D2B940100ED4435 = {
						CreatedOnToolsVersion = 7.3;
					};
				};
			};
			buildConfigurationList = 3471883C1D2B940100ED4435 /* Build configuration list for PBXProject "iApp Store" */;
			compatibilityVersion = "Xcode 3.2";
			developmentRegion = English;
			hasScannedForEncodings = 0;
			knownRegions = (
				en,
				Base,
			);
			mainGroup = 347188381D2B940100ED4435;
			productRefGroup = 347188421D2B940100ED4435 /* Products */;
			projectDirPath = "";
			projectRoot = "";
			targets = (
				347188401D2B940100ED4435 /* iApp Store */,
			);
		};
/* End PBXProject section */

/* Begin PBXResourcesBuildPhase section */
		3471883F1D2B940100ED4435 /* Resources */ = {
			isa = PBXResourcesBuildPhase;
			buildActionMask = 2147483647;
			files = (
				3471885D1D2B979900ED4435 /* Main.storyboard in Resources */,
				3471884C1D2B940200ED4435 /* Assets.xcassets in Resources */,
				3471885C1D2B979900ED4435 /* LaunchScreen.storyboard in Resources */,
			);
			runOnlyForDeploymentPostprocessing = 0;
		};
/* End PBXResourcesBuildPhase section */

/* Begin PBXSourcesBuildPhase section */
		3471883D1D2B940100ED4435 /* Sources */ = {
			isa = PBXSourcesBuildPhase;
			buildActionMask = 2147483647;
			files = (
				347188611D2B990F00ED4435 /* ConnectionBO.swift in Sources */,
				3471885F1D2B97D400ED4435 /* ConnectionAPI.swift in Sources */,
				347188451D2B940100ED4435 /* AppDelegate.swift in Sources */,
				347188641D2B99C800ED4435 /* Constants.swift in Sources */,
			);
			runOnlyForDeploymentPostprocessing = 0;
		};
/* End PBXSourcesBuildPhase section */

/* Begin XCBuildConfiguration section */
		347188511D2B940200ED4435 /* Debug */ = {
			isa = XCBuildConfiguration;
			buildSettings = {
				ALWAYS_SEARCH_USER_PATHS = NO;
				CLANG_ANALYZER_NONNULL = YES;
				CLANG_CXX_LANGUAGE_STANDARD = "gnu++0x";
				CLANG_CXX_LIBRARY = "libc++";
				CLANG_ENABLE_MODULES = YES;
				CLANG_ENABLE_OBJC_ARC = YES;
				CLANG_WARN_BOOL_CONVERSION = YES;
				CLANG_WARN_CONSTANT_CONVERSION = YES;
				CLANG_WARN_DIRECT_OBJC_ISA_USAGE = YES_ERROR;
				CLANG_WARN_EMPTY_BODY = YES;
				CLANG_WARN_ENUM_CONVERSION = YES;
				CLANG_WARN_INT_CONVERSION = YES;
				CLANG_WARN_OBJC_ROOT_CLASS = YES_ERROR;
				CLANG_WARN_UNREACHABLE_CODE = YES;
				CLANG_WARN__DUPLICATE_METHOD_MATCH = YES;
				"CODE_SIGN_IDENTITY[sdk=iphoneos*]" = "iPhone Developer";
				COPY_PHASE_STRIP = NO;
				DEBUG_INFORMATION_FORMAT = dwarf;
				ENABLE_STRICT_OBJC_MSGSEND = YES;
				ENABLE_TESTABILITY = YES;
				GCC_C_LANGUAGE_STANDARD = gnu99;
				GCC_DYNAMIC_NO_PIC = NO;
				GCC_NO_COMMON_BLOCKS = YES;
				GCC_OPTIMIZATION_LEVEL = 0;
				GCC_PREPROCESSOR_DEFINITIONS = (
					"DEBUG=1",
					"$(inherited)",
				);
				GCC_WARN_64_TO_32_BIT_CONVERSION = YES;
				GCC_WARN_ABOUT_RETURN_TYPE = YES_ERROR;
				GCC_WARN_UNDECLARED_SELECTOR = YES;
				GCC_WARN_UNINITIALIZED_AUTOS = YES_AGGRESSIVE;
				GCC_WARN_UNUSED_FUNCTION = YES;
				GCC_WARN_UNUSED_VARIABLE = YES;
				IPHONEOS_DEPLOYMENT_TARGET = 9.3;
				MTL_ENABLE_DEBUG_INFO = YES;
				ONLY_ACTIVE_ARCH = YES;
				SDKROOT = iphoneos;
				SWIFT_OPTIMIZATION_LEVEL = "-Onone";
				TARGETED_DEVICE_FAMILY = "1,2";
			};
			name = Debug;
		};
		347188521D2B940200ED4435 /* Release */ = {
			isa = XCBuildConfiguration;
			buildSettings = {
				ALWAYS_SEARCH_USER_PATHS = NO;
				CLANG_ANALYZER_NONNULL = YES;
				CLANG_CXX_LANGUAGE_STANDARD = "gnu++0x";
				CLANG_CXX_LIBRARY = "libc++";
				CLANG_ENABLE_MODULES = YES;
				CLANG_ENABLE_OBJC_ARC = YES;
				CLANG_WARN_BOOL_CONVERSION = YES;
				CLANG_WARN_CONSTANT_CONVERSION = YES;
				CLANG_WARN_DIRECT_OBJC_ISA_USAGE = YES_ERROR;
				CLANG_WARN_EMPTY_BODY = YES;
				CLANG_WARN_ENUM_CONVERSION = YES;
				CLANG_WARN_INT_CONVERSION = YES;
				CLANG_WARN_OBJC_ROOT_CLASS = YES_ERROR;
				CLANG_WARN_UNREACHABLE_CODE = YES;
				CLANG_WARN__DUPLICATE_METHOD_MATCH = YES;
				"CODE_SIGN_IDENTITY[sdk=iphoneos*]" = "iPhone Developer";
				COPY_PHASE_STRIP = NO;
				DEBUG_INFORMATION_FORMAT = "dwarf-with-dsym";
				ENABLE_NS_ASSERTIONS = NO;
				ENABLE_STRICT_OBJC_MSGSEND = YES;
				GCC_C_LANGUAGE_STANDARD = gnu99;
				GCC_NO_COMMON_BLOCKS = YES;
				GCC_WARN_64_TO_32_BIT_CONVERSION = YES;
				GCC_WARN_ABOUT_RETURN_TYPE = YES_ERROR;
				GCC_WARN_UNDECLARED_SELECTOR = YES;
				GCC_WARN_UNINITIALIZED_AUTOS = YES_AGGRESSIVE;
				GCC_WARN_UNUSED_FUNCTION = YES;
				GCC_WARN_UNUSED_VARIABLE = YES;
				IPHONEOS_DEPLOYMENT_TARGET = 9.3;
				MTL_ENABLE_DEBUG_INFO = NO;
				SDKROOT = iphoneos;
				TARGETED_DEVICE_FAMILY = "1,2";
				VALIDATE_PRODUCT = YES;
			};
			name = Release;
		};
		347188541D2B940200ED4435 /* Debug */ = {
			isa = XCBuildConfiguration;
			buildSettings = {
				ASSETCATALOG_COMPILER_APPICON_NAME = AppIcon;
				INFOPLIST_FILE = "iApp Store/Info.plist";
				LD_RUNPATH_SEARCH_PATHS = "$(inherited) @executable_path/Frameworks";
				PRODUCT_BUNDLE_IDENTIFIER = "Grability.CLB.iApp-Store";
				PRODUCT_NAME = "$(TARGET_NAME)";
			};
			name = Debug;
		};
		347188551D2B940200ED4435 /* Release */ = {
			isa = XCBuildConfiguration;
			buildSettings = {
				ASSETCATALOG_COMPILER_APPICON_NAME = AppIcon;
				INFOPLIST_FILE = "iApp Store/Info.plist";
				LD_RUNPATH_SEARCH_PATHS = "$(inherited) @executable_path/Frameworks";
				PRODUCT_BUNDLE_IDENTIFIER = "Grability.CLB.iApp-Store";
				PRODUCT_NAME = "$(TARGET_NAME)";
			};
			name = Release;
		};
/* End XCBuildConfiguration section */

/* Begin XCConfigurationList section */
		3471883C1D2B940100ED4435 /* Build configuration list for PBXProject "iApp Store" */ = {
			isa = XCConfigurationList;
			buildConfigurations = (
				347188511D2B940200ED4435 /* Debug */,
				347188521D2B940200ED4435 /* Release */,
			);
			defaultConfigurationIsVisible = 0;
			defaultConfigurationName = Release;
		};
		347188531D2B940200ED4435 /* Build configuration list for PBXNativeTarget "iApp Store" */ = {
			isa = XCConfigurationList;
			buildConfigurations = (
				347188541D2B940200ED4435 /* Debug */,
				347188551D2B940200ED4435 /* Release */,
			);
			defaultConfigurationIsVisible = 0;
		};
/* End XCConfigurationList section */
	};
	rootObject = 347188391D2B940100ED4435 /* Project object */;
}
